// !$*UTF8*$!
{
	archiveVersion = 1;
	classes = {
	};
	objectVersion = 77;
	objects = {

/* Begin PBXBuildFile section */
		46C2089E2EA308790038604E /* WidgetKit.framework in Frameworks */ = {isa = PBXBuildFile; fileRef = 46C2089D2EA308790038604E /* WidgetKit.framework */; };
		46C208A02EA308790038604E /* SwiftUI.framework in Frameworks */ = {isa = PBXBuildFile; fileRef = 46C2089F2EA308790038604E /* SwiftUI.framework */; };
		46C208B12EA3087A0038604E /* Deen Buddy WidgetsExtension.appex in Embed Foundation Extensions */ = {isa = PBXBuildFile; fileRef = 46C2089C2EA308790038604E /* Deen Buddy WidgetsExtension.appex */; settings = {ATTRIBUTES = (RemoveHeadersOnCopy, ); }; };
		65733D6F2E996BC00059D9E5 /* GoogleGenerativeAI in Frameworks */ = {isa = PBXBuildFile; productRef = 65733D6E2E996BC00059D9E5 /* GoogleGenerativeAI */; };
		65733DA22E9EA7B90059D9E5 /* Adhan in Frameworks */ = {isa = PBXBuildFile; productRef = 65733DA12E9EA7B90059D9E5 /* Adhan */; };
/* End PBXBuildFile section */

/* Begin PBXContainerItemProxy section */
		469C4F5F2E95C2A50006FC4D /* PBXContainerItemProxy */ = {
			isa = PBXContainerItemProxy;
			containerPortal = 469C4F482E95C2A40006FC4D /* Project object */;
			proxyType = 1;
			remoteGlobalIDString = 469C4F4F2E95C2A40006FC4D;
			remoteInfo = "Deen Buddy Advanced";
		};
		469C4F692E95C2A50006FC4D /* PBXContainerItemProxy */ = {
			isa = PBXContainerItemProxy;
			containerPortal = 469C4F482E95C2A40006FC4D /* Project object */;
			proxyType = 1;
			remoteGlobalIDString = 469C4F4F2E95C2A40006FC4D;
			remoteInfo = "Deen Buddy Advanced";
		};
		46C208AF2EA3087A0038604E /* PBXContainerItemProxy */ = {
			isa = PBXContainerItemProxy;
			containerPortal = 469C4F482E95C2A40006FC4D /* Project object */;
			proxyType = 1;
			remoteGlobalIDString = 46C2089B2EA308790038604E;
			remoteInfo = "Deen Buddy WidgetsExtension";
		};
/* End PBXContainerItemProxy section */

/* Begin PBXCopyFilesBuildPhase section */
		46C208B22EA3087A0038604E /* Embed Foundation Extensions */ = {
			isa = PBXCopyFilesBuildPhase;
			buildActionMask = 2147483647;
			dstPath = "";
			dstSubfolderSpec = 13;
			files = (
				46C208B12EA3087A0038604E /* Deen Buddy WidgetsExtension.appex in Embed Foundation Extensions */,
			);
			name = "Embed Foundation Extensions";
			runOnlyForDeploymentPostprocessing = 0;
		};
/* End PBXCopyFilesBuildPhase section */

/* Begin PBXFileReference section */
		469C4F502E95C2A40006FC4D /* Deen Buddy Advanced.app */ = {isa = PBXFileReference; explicitFileType = wrapper.application; includeInIndex = 0; path = "Deen Buddy Advanced.app"; sourceTree = BUILT_PRODUCTS_DIR; };
		469C4F5E2E95C2A50006FC4D /* Deen Buddy AdvancedTests.xctest */ = {isa = PBXFileReference; explicitFileType = wrapper.cfbundle; includeInIndex = 0; path = "Deen Buddy AdvancedTests.xctest"; sourceTree = BUILT_PRODUCTS_DIR; };
		469C4F682E95C2A50006FC4D /* Deen Buddy AdvancedUITests.xctest */ = {isa = PBXFileReference; explicitFileType = wrapper.cfbundle; includeInIndex = 0; path = "Deen Buddy AdvancedUITests.xctest"; sourceTree = BUILT_PRODUCTS_DIR; };
		46C2089C2EA308790038604E /* Deen Buddy WidgetsExtension.appex */ = {isa = PBXFileReference; explicitFileType = "wrapper.app-extension"; includeInIndex = 0; path = "Deen Buddy WidgetsExtension.appex"; sourceTree = BUILT_PRODUCTS_DIR; };
		46C2089D2EA308790038604E /* WidgetKit.framework */ = {isa = PBXFileReference; lastKnownFileType = wrapper.framework; name = WidgetKit.framework; path = System/Library/Frameworks/WidgetKit.framework; sourceTree = SDKROOT; };
		46C2089F2EA308790038604E /* SwiftUI.framework */ = {isa = PBXFileReference; lastKnownFileType = wrapper.framework; name = SwiftUI.framework; path = System/Library/Frameworks/SwiftUI.framework; sourceTree = SDKROOT; };
/* End PBXFileReference section */

/* Begin PBXFileSystemSynchronizedBuildFileExceptionSet section */
		46B68FAD2EA32A7E002B2DF1 /* Exceptions for "Deen Buddy Advanced" folder in "Deen Buddy WidgetsExtension" target */ = {
			isa = PBXFileSystemSynchronizedBuildFileExceptionSet;
			membershipExceptions = (
				Resources/Quran/quran_en.json,
				Utilities/Colors/AppColors.swift,
			);
			target = 46C2089B2EA308790038604E /* Deen Buddy WidgetsExtension */;
		};
		46C208B52EA3087A0038604E /* Exceptions for "Deen Buddy Widgets" folder in "Deen Buddy WidgetsExtension" target */ = {
			isa = PBXFileSystemSynchronizedBuildFileExceptionSet;
			membershipExceptions = (
				Info.plist,
			);
			target = 46C2089B2EA308790038604E /* Deen Buddy WidgetsExtension */;
		};
/* End PBXFileSystemSynchronizedBuildFileExceptionSet section */

/* Begin PBXFileSystemSynchronizedRootGroup section */
		469C4F522E95C2A40006FC4D /* Deen Buddy Advanced */ = {
			isa = PBXFileSystemSynchronizedRootGroup;
			exceptions = (
				46B68FAD2EA32A7E002B2DF1 /* Exceptions for "Deen Buddy Advanced" folder in "Deen Buddy WidgetsExtension" target */,
			);
			path = "Deen Buddy Advanced";
			sourceTree = "<group>";
		};
		469C4F612E95C2A50006FC4D /* Deen Buddy AdvancedTests */ = {
			isa = PBXFileSystemSynchronizedRootGroup;
			path = "Deen Buddy AdvancedTests";
			sourceTree = "<group>";
		};
		469C4F6B2E95C2A50006FC4D /* Deen Buddy AdvancedUITests */ = {
			isa = PBXFileSystemSynchronizedRootGroup;
			path = "Deen Buddy AdvancedUITests";
			sourceTree = "<group>";
		};
		46C208A12EA308790038604E /* Deen Buddy Widgets */ = {
			isa = PBXFileSystemSynchronizedRootGroup;
			exceptions = (
				46C208B52EA3087A0038604E /* Exceptions for "Deen Buddy Widgets" folder in "Deen Buddy WidgetsExtension" target */,
			);
			path = "Deen Buddy Widgets";
			sourceTree = "<group>";
		};
/* End PBXFileSystemSynchronizedRootGroup section */

/* Begin PBXFrameworksBuildPhase section */
		469C4F4D2E95C2A40006FC4D /* Frameworks */ = {
			isa = PBXFrameworksBuildPhase;
			buildActionMask = 2147483647;
			files = (
				65733D6F2E996BC00059D9E5 /* GoogleGenerativeAI in Frameworks */,
				65733DA22E9EA7B90059D9E5 /* Adhan in Frameworks */,
			);
			runOnlyForDeploymentPostprocessing = 0;
		};
		469C4F5B2E95C2A50006FC4D /* Frameworks */ = {
			isa = PBXFrameworksBuildPhase;
			buildActionMask = 2147483647;
			files = (
			);
			runOnlyForDeploymentPostprocessing = 0;
		};
		469C4F652E95C2A50006FC4D /* Frameworks */ = {
			isa = PBXFrameworksBuildPhase;
			buildActionMask = 2147483647;
			files = (
			);
			runOnlyForDeploymentPostprocessing = 0;
		};
		46C208992EA308790038604E /* Frameworks */ = {
			isa = PBXFrameworksBuildPhase;
			buildActionMask = 2147483647;
			files = (
				46C208A02EA308790038604E /* SwiftUI.framework in Frameworks */,
				46C2089E2EA308790038604E /* WidgetKit.framework in Frameworks */,
			);
			runOnlyForDeploymentPostprocessing = 0;
		};
/* End PBXFrameworksBuildPhase section */

/* Begin PBXGroup section */
		469C4F472E95C2A40006FC4D = {
			isa = PBXGroup;
			children = (
				469C4F522E95C2A40006FC4D /* Deen Buddy Advanced */,
				469C4F612E95C2A50006FC4D /* Deen Buddy AdvancedTests */,
				469C4F6B2E95C2A50006FC4D /* Deen Buddy AdvancedUITests */,
				46C208A12EA308790038604E /* Deen Buddy Widgets */,
				65733DA02E9EA7B90059D9E5 /* Frameworks */,
				469C4F512E95C2A40006FC4D /* Products */,
			);
			sourceTree = "<group>";
		};
		469C4F512E95C2A40006FC4D /* Products */ = {
			isa = PBXGroup;
			children = (
				469C4F502E95C2A40006FC4D /* Deen Buddy Advanced.app */,
				469C4F5E2E95C2A50006FC4D /* Deen Buddy AdvancedTests.xctest */,
				469C4F682E95C2A50006FC4D /* Deen Buddy AdvancedUITests.xctest */,
				46C2089C2EA308790038604E /* Deen Buddy WidgetsExtension.appex */,
			);
			name = Products;
			sourceTree = "<group>";
		};
		65733DA02E9EA7B90059D9E5 /* Frameworks */ = {
			isa = PBXGroup;
			children = (
				46C2089D2EA308790038604E /* WidgetKit.framework */,
				46C2089F2EA308790038604E /* SwiftUI.framework */,
			);
			name = Frameworks;
			sourceTree = "<group>";
		};
/* End PBXGroup section */

/* Begin PBXNativeTarget section */
		469C4F4F2E95C2A40006FC4D /* Deen Buddy Advanced */ = {
			isa = PBXNativeTarget;
			buildConfigurationList = 469C4F722E95C2A50006FC4D /* Build configuration list for PBXNativeTarget "Deen Buddy Advanced" */;
			buildPhases = (
				469C4F4C2E95C2A40006FC4D /* Sources */,
				469C4F4D2E95C2A40006FC4D /* Frameworks */,
				469C4F4E2E95C2A40006FC4D /* Resources */,
				46C208B22EA3087A0038604E /* Embed Foundation Extensions */,
			);
			buildRules = (
			);
			dependencies = (
				46C208B02EA3087A0038604E /* PBXTargetDependency */,
			);
			fileSystemSynchronizedGroups = (
				469C4F522E95C2A40006FC4D /* Deen Buddy Advanced */,
			);
			name = "Deen Buddy Advanced";
			packageProductDependencies = (
				65733D6E2E996BC00059D9E5 /* GoogleGenerativeAI */,
				65733DA12E9EA7B90059D9E5 /* Adhan */,
			);
			productName = "Deen Buddy Advanced";
			productReference = 469C4F502E95C2A40006FC4D /* Deen Buddy Advanced.app */;
			productType = "com.apple.product-type.application";
		};
		469C4F5D2E95C2A50006FC4D /* Deen Buddy AdvancedTests */ = {
			isa = PBXNativeTarget;
			buildConfigurationList = 469C4F752E95C2A50006FC4D /* Build configuration list for PBXNativeTarget "Deen Buddy AdvancedTests" */;
			buildPhases = (
				469C4F5A2E95C2A50006FC4D /* Sources */,
				469C4F5B2E95C2A50006FC4D /* Frameworks */,
				469C4F5C2E95C2A50006FC4D /* Resources */,
			);
			buildRules = (
			);
			dependencies = (
				469C4F602E95C2A50006FC4D /* PBXTargetDependency */,
			);
			fileSystemSynchronizedGroups = (
				469C4F612E95C2A50006FC4D /* Deen Buddy AdvancedTests */,
			);
			name = "Deen Buddy AdvancedTests";
			packageProductDependencies = (
			);
			productName = "Deen Buddy AdvancedTests";
			productReference = 469C4F5E2E95C2A50006FC4D /* Deen Buddy AdvancedTests.xctest */;
			productType = "com.apple.product-type.bundle.unit-test";
		};
		469C4F672E95C2A50006FC4D /* Deen Buddy AdvancedUITests */ = {
			isa = PBXNativeTarget;
			buildConfigurationList = 469C4F782E95C2A50006FC4D /* Build configuration list for PBXNativeTarget "Deen Buddy AdvancedUITests" */;
			buildPhases = (
				469C4F642E95C2A50006FC4D /* Sources */,
				469C4F652E95C2A50006FC4D /* Frameworks */,
				469C4F662E95C2A50006FC4D /* Resources */,
			);
			buildRules = (
			);
			dependencies = (
				469C4F6A2E95C2A50006FC4D /* PBXTargetDependency */,
			);
			fileSystemSynchronizedGroups = (
				469C4F6B2E95C2A50006FC4D /* Deen Buddy AdvancedUITests */,
			);
			name = "Deen Buddy AdvancedUITests";
			packageProductDependencies = (
			);
			productName = "Deen Buddy AdvancedUITests";
			productReference = 469C4F682E95C2A50006FC4D /* Deen Buddy AdvancedUITests.xctest */;
			productType = "com.apple.product-type.bundle.ui-testing";
		};
		46C2089B2EA308790038604E /* Deen Buddy WidgetsExtension */ = {
			isa = PBXNativeTarget;
			buildConfigurationList = 46C208B62EA3087A0038604E /* Build configuration list for PBXNativeTarget "Deen Buddy WidgetsExtension" */;
			buildPhases = (
				46C208982EA308790038604E /* Sources */,
				46C208992EA308790038604E /* Frameworks */,
				46C2089A2EA308790038604E /* Resources */,
			);
			buildRules = (
			);
			dependencies = (
			);
			fileSystemSynchronizedGroups = (
				46C208A12EA308790038604E /* Deen Buddy Widgets */,
			);
			name = "Deen Buddy WidgetsExtension";
			packageProductDependencies = (
			);
			productName = "Deen Buddy WidgetsExtension";
			productReference = 46C2089C2EA308790038604E /* Deen Buddy WidgetsExtension.appex */;
			productType = "com.apple.product-type.app-extension";
		};
/* End PBXNativeTarget section */

/* Begin PBXProject section */
		469C4F482E95C2A40006FC4D /* Project object */ = {
			isa = PBXProject;
			attributes = {
				BuildIndependentTargetsInParallel = 1;
				LastSwiftUpdateCheck = 1640;
				LastUpgradeCheck = 1640;
				TargetAttributes = {
					469C4F4F2E95C2A40006FC4D = {
						CreatedOnToolsVersion = 16.4;
					};
					469C4F5D2E95C2A50006FC4D = {
						CreatedOnToolsVersion = 16.4;
						TestTargetID = 469C4F4F2E95C2A40006FC4D;
					};
					469C4F672E95C2A50006FC4D = {
						CreatedOnToolsVersion = 16.4;
						TestTargetID = 469C4F4F2E95C2A40006FC4D;
					};
					46C2089B2EA308790038604E = {
						CreatedOnToolsVersion = 16.4;
					};
				};
			};
			buildConfigurationList = 469C4F4B2E95C2A40006FC4D /* Build configuration list for PBXProject "Deen Buddy Advanced" */;
			developmentRegion = en;
			hasScannedForEncodings = 0;
			knownRegions = (
				en,
				Base,
			);
			mainGroup = 469C4F472E95C2A40006FC4D;
			minimizedProjectReferenceProxies = 1;
			packageReferences = (
				65733D6D2E996AFE0059D9E5 /* XCRemoteSwiftPackageReference "generative-ai-swift" */,
				65733D8C2E9EA48C0059D9E5 /* XCRemoteSwiftPackageReference "adhan-swift" */,
			);
			preferredProjectObjectVersion = 77;
			productRefGroup = 469C4F512E95C2A40006FC4D /* Products */;
			projectDirPath = "";
			projectRoot = "";
			targets = (
				469C4F4F2E95C2A40006FC4D /* Deen Buddy Advanced */,
				469C4F5D2E95C2A50006FC4D /* Deen Buddy AdvancedTests */,
				469C4F672E95C2A50006FC4D /* Deen Buddy AdvancedUITests */,
				46C2089B2EA308790038604E /* Deen Buddy WidgetsExtension */,
			);
		};
/* End PBXProject section */

/* Begin PBXResourcesBuildPhase section */
		469C4F4E2E95C2A40006FC4D /* Resources */ = {
			isa = PBXResourcesBuildPhase;
			buildActionMask = 2147483647;
			files = (
			);
			runOnlyForDeploymentPostprocessing = 0;
		};
		469C4F5C2E95C2A50006FC4D /* Resources */ = {
			isa = PBXResourcesBuildPhase;
			buildActionMask = 2147483647;
			files = (
			);
			runOnlyForDeploymentPostprocessing = 0;
		};
		469C4F662E95C2A50006FC4D /* Resources */ = {
			isa = PBXResourcesBuildPhase;
			buildActionMask = 2147483647;
			files = (
			);
			runOnlyForDeploymentPostprocessing = 0;
		};
		46C2089A2EA308790038604E /* Resources */ = {
			isa = PBXResourcesBuildPhase;
			buildActionMask = 2147483647;
			files = (
			);
			runOnlyForDeploymentPostprocessing = 0;
		};
/* End PBXResourcesBuildPhase section */

/* Begin PBXSourcesBuildPhase section */
		469C4F4C2E95C2A40006FC4D /* Sources */ = {
			isa = PBXSourcesBuildPhase;
			buildActionMask = 2147483647;
			files = (
			);
			runOnlyForDeploymentPostprocessing = 0;
		};
		469C4F5A2E95C2A50006FC4D /* Sources */ = {
			isa = PBXSourcesBuildPhase;
			buildActionMask = 2147483647;
			files = (
			);
			runOnlyForDeploymentPostprocessing = 0;
		};
		469C4F642E95C2A50006FC4D /* Sources */ = {
			isa = PBXSourcesBuildPhase;
			buildActionMask = 2147483647;
			files = (
			);
			runOnlyForDeploymentPostprocessing = 0;
		};
		46C208982EA308790038604E /* Sources */ = {
			isa = PBXSourcesBuildPhase;
			buildActionMask = 2147483647;
			files = (
			);
			runOnlyForDeploymentPostprocessing = 0;
		};
/* End PBXSourcesBuildPhase section */

/* Begin PBXTargetDependency section */
		469C4F602E95C2A50006FC4D /* PBXTargetDependency */ = {
			isa = PBXTargetDependency;
			target = 469C4F4F2E95C2A40006FC4D /* Deen Buddy Advanced */;
			targetProxy = 469C4F5F2E95C2A50006FC4D /* PBXContainerItemProxy */;
		};
		469C4F6A2E95C2A50006FC4D /* PBXTargetDependency */ = {
			isa = PBXTargetDependency;
			target = 469C4F4F2E95C2A40006FC4D /* Deen Buddy Advanced */;
			targetProxy = 469C4F692E95C2A50006FC4D /* PBXContainerItemProxy */;
		};
		46C208B02EA3087A0038604E /* PBXTargetDependency */ = {
			isa = PBXTargetDependency;
			target = 46C2089B2EA308790038604E /* Deen Buddy WidgetsExtension */;
			targetProxy = 46C208AF2EA3087A0038604E /* PBXContainerItemProxy */;
		};
/* End PBXTargetDependency section */

/* Begin XCBuildConfiguration section */
		469C4F702E95C2A50006FC4D /* Debug */ = {
			isa = XCBuildConfiguration;
			buildSettings = {
				ALWAYS_SEARCH_USER_PATHS = NO;
				ASSETCATALOG_COMPILER_GENERATE_SWIFT_ASSET_SYMBOL_EXTENSIONS = YES;
				CLANG_ANALYZER_NONNULL = YES;
				CLANG_ANALYZER_NUMBER_OBJECT_CONVERSION = YES_AGGRESSIVE;
				CLANG_CXX_LANGUAGE_STANDARD = "gnu++20";
				CLANG_ENABLE_MODULES = YES;
				CLANG_ENABLE_OBJC_ARC = YES;
				CLANG_ENABLE_OBJC_WEAK = YES;
				CLANG_WARN_BLOCK_CAPTURE_AUTORELEASING = YES;
				CLANG_WARN_BOOL_CONVERSION = YES;
				CLANG_WARN_COMMA = YES;
				CLANG_WARN_CONSTANT_CONVERSION = YES;
				CLANG_WARN_DEPRECATED_OBJC_IMPLEMENTATIONS = YES;
				CLANG_WARN_DIRECT_OBJC_ISA_USAGE = YES_ERROR;
				CLANG_WARN_DOCUMENTATION_COMMENTS = YES;
				CLANG_WARN_EMPTY_BODY = YES;
				CLANG_WARN_ENUM_CONVERSION = YES;
				CLANG_WARN_INFINITE_RECURSION = YES;
				CLANG_WARN_INT_CONVERSION = YES;
				CLANG_WARN_NON_LITERAL_NULL_CONVERSION = YES;
				CLANG_WARN_OBJC_IMPLICIT_RETAIN_SELF = YES;
				CLANG_WARN_OBJC_LITERAL_CONVERSION = YES;
				CLANG_WARN_OBJC_ROOT_CLASS = YES_ERROR;
				CLANG_WARN_QUOTED_INCLUDE_IN_FRAMEWORK_HEADER = YES;
				CLANG_WARN_RANGE_LOOP_ANALYSIS = YES;
				CLANG_WARN_STRICT_PROTOTYPES = YES;
				CLANG_WARN_SUSPICIOUS_MOVE = YES;
				CLANG_WARN_UNGUARDED_AVAILABILITY = YES_AGGRESSIVE;
				CLANG_WARN_UNREACHABLE_CODE = YES;
				CLANG_WARN__DUPLICATE_METHOD_MATCH = YES;
				COPY_PHASE_STRIP = NO;
				DEBUG_INFORMATION_FORMAT = dwarf;
				DEVELOPMENT_TEAM = 8927GQ44C7;
				ENABLE_STRICT_OBJC_MSGSEND = YES;
				ENABLE_TESTABILITY = YES;
				ENABLE_USER_SCRIPT_SANDBOXING = YES;
				GCC_C_LANGUAGE_STANDARD = gnu17;
				GCC_DYNAMIC_NO_PIC = NO;
				GCC_NO_COMMON_BLOCKS = YES;
				GCC_OPTIMIZATION_LEVEL = 0;
				GCC_PREPROCESSOR_DEFINITIONS = (
					"DEBUG=1",
					"$(inherited)",
				);
				GCC_WARN_64_TO_32_BIT_CONVERSION = YES;
				GCC_WARN_ABOUT_RETURN_TYPE = YES_ERROR;
				GCC_WARN_UNDECLARED_SELECTOR = YES;
				GCC_WARN_UNINITIALIZED_AUTOS = YES_AGGRESSIVE;
				GCC_WARN_UNUSED_FUNCTION = YES;
				GCC_WARN_UNUSED_VARIABLE = YES;
				LOCALIZATION_PREFERS_STRING_CATALOGS = YES;
				MTL_ENABLE_DEBUG_INFO = INCLUDE_SOURCE;
				MTL_FAST_MATH = YES;
				ONLY_ACTIVE_ARCH = YES;
				SWIFT_ACTIVE_COMPILATION_CONDITIONS = "DEBUG $(inherited)";
				SWIFT_OPTIMIZATION_LEVEL = "-Onone";
			};
			name = Debug;
		};
		469C4F712E95C2A50006FC4D /* Release */ = {
			isa = XCBuildConfiguration;
			buildSettings = {
				ALWAYS_SEARCH_USER_PATHS = NO;
				ASSETCATALOG_COMPILER_GENERATE_SWIFT_ASSET_SYMBOL_EXTENSIONS = YES;
				CLANG_ANALYZER_NONNULL = YES;
				CLANG_ANALYZER_NUMBER_OBJECT_CONVERSION = YES_AGGRESSIVE;
				CLANG_CXX_LANGUAGE_STANDARD = "gnu++20";
				CLANG_ENABLE_MODULES = YES;
				CLANG_ENABLE_OBJC_ARC = YES;
				CLANG_ENABLE_OBJC_WEAK = YES;
				CLANG_WARN_BLOCK_CAPTURE_AUTORELEASING = YES;
				CLANG_WARN_BOOL_CONVERSION = YES;
				CLANG_WARN_COMMA = YES;
				CLANG_WARN_CONSTANT_CONVERSION = YES;
				CLANG_WARN_DEPRECATED_OBJC_IMPLEMENTATIONS = YES;
				CLANG_WARN_DIRECT_OBJC_ISA_USAGE = YES_ERROR;
				CLANG_WARN_DOCUMENTATION_COMMENTS = YES;
				CLANG_WARN_EMPTY_BODY = YES;
				CLANG_WARN_ENUM_CONVERSION = YES;
				CLANG_WARN_INFINITE_RECURSION = YES;
				CLANG_WARN_INT_CONVERSION = YES;
				CLANG_WARN_NON_LITERAL_NULL_CONVERSION = YES;
				CLANG_WARN_OBJC_IMPLICIT_RETAIN_SELF = YES;
				CLANG_WARN_OBJC_LITERAL_CONVERSION = YES;
				CLANG_WARN_OBJC_ROOT_CLASS = YES_ERROR;
				CLANG_WARN_QUOTED_INCLUDE_IN_FRAMEWORK_HEADER = YES;
				CLANG_WARN_RANGE_LOOP_ANALYSIS = YES;
				CLANG_WARN_STRICT_PROTOTYPES = YES;
				CLANG_WARN_SUSPICIOUS_MOVE = YES;
				CLANG_WARN_UNGUARDED_AVAILABILITY = YES_AGGRESSIVE;
				CLANG_WARN_UNREACHABLE_CODE = YES;
				CLANG_WARN__DUPLICATE_METHOD_MATCH = YES;
				COPY_PHASE_STRIP = NO;
				DEBUG_INFORMATION_FORMAT = "dwarf-with-dsym";
				DEVELOPMENT_TEAM = 8927GQ44C7;
				ENABLE_NS_ASSERTIONS = NO;
				ENABLE_STRICT_OBJC_MSGSEND = YES;
				ENABLE_USER_SCRIPT_SANDBOXING = YES;
				GCC_C_LANGUAGE_STANDARD = gnu17;
				GCC_NO_COMMON_BLOCKS = YES;
				GCC_WARN_64_TO_32_BIT_CONVERSION = YES;
				GCC_WARN_ABOUT_RETURN_TYPE = YES_ERROR;
				GCC_WARN_UNDECLARED_SELECTOR = YES;
				GCC_WARN_UNINITIALIZED_AUTOS = YES_AGGRESSIVE;
				GCC_WARN_UNUSED_FUNCTION = YES;
				GCC_WARN_UNUSED_VARIABLE = YES;
				LOCALIZATION_PREFERS_STRING_CATALOGS = YES;
				MTL_ENABLE_DEBUG_INFO = NO;
				MTL_FAST_MATH = YES;
				SWIFT_COMPILATION_MODE = wholemodule;
			};
			name = Release;
		};
		469C4F732E95C2A50006FC4D /* Debug */ = {
			isa = XCBuildConfiguration;
			buildSettings = {
				ASSETCATALOG_COMPILER_APPICON_NAME = AppIcon;
				ASSETCATALOG_COMPILER_GLOBAL_ACCENT_COLOR_NAME = AccentColor;
				CODE_SIGN_ENTITLEMENTS = "Deen Buddy Advanced/Deen_Buddy_Advanced.entitlements";
				CODE_SIGN_STYLE = Automatic;
				CURRENT_PROJECT_VERSION = 1;
				DEVELOPMENT_TEAM = 8927GQ44C7;
				ENABLE_HARDENED_RUNTIME = YES;
				ENABLE_PREVIEWS = YES;
				GENERATE_INFOPLIST_FILE = YES;
				INFOPLIST_KEY_CFBundleDisplayName = myDeen;
				INFOPLIST_KEY_NSLocationWhenInUseUsageDescription = "We use your location to calculate accurate prayer times.";
				"INFOPLIST_KEY_UIApplicationSceneManifest_Generation[sdk=iphoneos*]" = YES;
				"INFOPLIST_KEY_UIApplicationSceneManifest_Generation[sdk=iphonesimulator*]" = YES;
				"INFOPLIST_KEY_UIApplicationSupportsIndirectInputEvents[sdk=iphoneos*]" = YES;
				"INFOPLIST_KEY_UIApplicationSupportsIndirectInputEvents[sdk=iphonesimulator*]" = YES;
				"INFOPLIST_KEY_UILaunchScreen_Generation[sdk=iphoneos*]" = YES;
				"INFOPLIST_KEY_UILaunchScreen_Generation[sdk=iphonesimulator*]" = YES;
				"INFOPLIST_KEY_UIStatusBarStyle[sdk=iphoneos*]" = UIStatusBarStyleDefault;
				"INFOPLIST_KEY_UIStatusBarStyle[sdk=iphonesimulator*]" = UIStatusBarStyleDefault;
				INFOPLIST_KEY_UISupportedInterfaceOrientations_iPad = "UIInterfaceOrientationPortrait UIInterfaceOrientationPortraitUpsideDown UIInterfaceOrientationLandscapeLeft UIInterfaceOrientationLandscapeRight";
				INFOPLIST_KEY_UISupportedInterfaceOrientations_iPhone = "UIInterfaceOrientationPortrait UIInterfaceOrientationLandscapeLeft UIInterfaceOrientationLandscapeRight";
				IPHONEOS_DEPLOYMENT_TARGET = 16.0;
				LD_RUNPATH_SEARCH_PATHS = "@executable_path/Frameworks";
				"LD_RUNPATH_SEARCH_PATHS[sdk=macosx*]" = "@executable_path/../Frameworks";
				MACOSX_DEPLOYMENT_TARGET = 13.0;
				MARKETING_VERSION = 1.0;
				PRODUCT_BUNDLE_IDENTIFIER = "VibalyzeOU.Deen-Buddy-Advanced";
				PRODUCT_NAME = "$(TARGET_NAME)";
				REGISTER_APP_GROUPS = YES;
				SDKROOT = auto;
				SUPPORTED_PLATFORMS = "iphoneos iphonesimulator macosx xros xrsimulator";
				SWIFT_EMIT_LOC_STRINGS = YES;
				SWIFT_VERSION = 5.0;
				TARGETED_DEVICE_FAMILY = "1,2,7";
				XROS_DEPLOYMENT_TARGET = 1.0;
			};
			name = Debug;
		};
		469C4F742E95C2A50006FC4D /* Release */ = {
			isa = XCBuildConfiguration;
			buildSettings = {
				ASSETCATALOG_COMPILER_APPICON_NAME = AppIcon;
				ASSETCATALOG_COMPILER_GLOBAL_ACCENT_COLOR_NAME = AccentColor;
				CODE_SIGN_ENTITLEMENTS = "Deen Buddy Advanced/Deen_Buddy_Advanced.entitlements";
				CODE_SIGN_STYLE = Automatic;
				CURRENT_PROJECT_VERSION = 1;
				DEVELOPMENT_TEAM = 8927GQ44C7;
				ENABLE_HARDENED_RUNTIME = YES;
				ENABLE_PREVIEWS = YES;
				GENERATE_INFOPLIST_FILE = YES;
				INFOPLIST_KEY_CFBundleDisplayName = myDeen;
				INFOPLIST_KEY_NSLocationWhenInUseUsageDescription = "We use your location to calculate accurate prayer times.";
				"INFOPLIST_KEY_UIApplicationSceneManifest_Generation[sdk=iphoneos*]" = YES;
				"INFOPLIST_KEY_UIApplicationSceneManifest_Generation[sdk=iphonesimulator*]" = YES;
				"INFOPLIST_KEY_UIApplicationSupportsIndirectInputEvents[sdk=iphoneos*]" = YES;
				"INFOPLIST_KEY_UIApplicationSupportsIndirectInputEvents[sdk=iphonesimulator*]" = YES;
				"INFOPLIST_KEY_UILaunchScreen_Generation[sdk=iphoneos*]" = YES;
				"INFOPLIST_KEY_UILaunchScreen_Generation[sdk=iphonesimulator*]" = YES;
				"INFOPLIST_KEY_UIStatusBarStyle[sdk=iphoneos*]" = UIStatusBarStyleDefault;
				"INFOPLIST_KEY_UIStatusBarStyle[sdk=iphonesimulator*]" = UIStatusBarStyleDefault;
				INFOPLIST_KEY_UISupportedInterfaceOrientations_iPad = "UIInterfaceOrientationPortrait UIInterfaceOrientationPortraitUpsideDown UIInterfaceOrientationLandscapeLeft UIInterfaceOrientationLandscapeRight";
				INFOPLIST_KEY_UISupportedInterfaceOrientations_iPhone = "UIInterfaceOrientationPortrait UIInterfaceOrientationLandscapeLeft UIInterfaceOrientationLandscapeRight";
				IPHONEOS_DEPLOYMENT_TARGET = 16.0;
				LD_RUNPATH_SEARCH_PATHS = "@executable_path/Frameworks";
				"LD_RUNPATH_SEARCH_PATHS[sdk=macosx*]" = "@executable_path/../Frameworks";
				MACOSX_DEPLOYMENT_TARGET = 13.0;
				MARKETING_VERSION = 1.0;
				PRODUCT_BUNDLE_IDENTIFIER = "VibalyzeOU.Deen-Buddy-Advanced";
				PRODUCT_NAME = "$(TARGET_NAME)";
				REGISTER_APP_GROUPS = YES;
				SDKROOT = auto;
				SUPPORTED_PLATFORMS = "iphoneos iphonesimulator macosx xros xrsimulator";
				SWIFT_EMIT_LOC_STRINGS = YES;
				SWIFT_VERSION = 5.0;
				TARGETED_DEVICE_FAMILY = "1,2,7";
				XROS_DEPLOYMENT_TARGET = 1.0;
			};
			name = Release;
		};
		469C4F762E95C2A50006FC4D /* Debug */ = {
			isa = XCBuildConfiguration;
			buildSettings = {
				BUNDLE_LOADER = "$(TEST_HOST)";
				CODE_SIGN_STYLE = Automatic;
				CURRENT_PROJECT_VERSION = 1;
				DEVELOPMENT_TEAM = 8927GQ44C7;
				GENERATE_INFOPLIST_FILE = YES;
				IPHONEOS_DEPLOYMENT_TARGET = 16.0;
				MACOSX_DEPLOYMENT_TARGET = 13.0;
				MARKETING_VERSION = 1.0;
				PRODUCT_BUNDLE_IDENTIFIER = "VibalyzeOU.Deen-Buddy-AdvancedTests";
				PRODUCT_NAME = "$(TARGET_NAME)";
				SDKROOT = auto;
				SUPPORTED_PLATFORMS = "iphoneos iphonesimulator macosx xros xrsimulator";
				SWIFT_EMIT_LOC_STRINGS = NO;
				SWIFT_VERSION = 5.0;
				TARGETED_DEVICE_FAMILY = "1,2,7";
				TEST_HOST = "$(BUILT_PRODUCTS_DIR)/Deen Buddy Advanced.app/$(BUNDLE_EXECUTABLE_FOLDER_PATH)/Deen Buddy Advanced";
				XROS_DEPLOYMENT_TARGET = 1.0;
			};
			name = Debug;
		};
		469C4F772E95C2A50006FC4D /* Release */ = {
			isa = XCBuildConfiguration;
			buildSettings = {
				BUNDLE_LOADER = "$(TEST_HOST)";
				CODE_SIGN_STYLE = Automatic;
				CURRENT_PROJECT_VERSION = 1;
				DEVELOPMENT_TEAM = 8927GQ44C7;
				GENERATE_INFOPLIST_FILE = YES;
				IPHONEOS_DEPLOYMENT_TARGET = 16.0;
				MACOSX_DEPLOYMENT_TARGET = 13.0;
				MARKETING_VERSION = 1.0;
				PRODUCT_BUNDLE_IDENTIFIER = "VibalyzeOU.Deen-Buddy-AdvancedTests";
				PRODUCT_NAME = "$(TARGET_NAME)";
				SDKROOT = auto;
				SUPPORTED_PLATFORMS = "iphoneos iphonesimulator macosx xros xrsimulator";
				SWIFT_EMIT_LOC_STRINGS = NO;
				SWIFT_VERSION = 5.0;
				TARGETED_DEVICE_FAMILY = "1,2,7";
				TEST_HOST = "$(BUILT_PRODUCTS_DIR)/Deen Buddy Advanced.app/$(BUNDLE_EXECUTABLE_FOLDER_PATH)/Deen Buddy Advanced";
				XROS_DEPLOYMENT_TARGET = 1.0;
			};
			name = Release;
		};
		469C4F792E95C2A50006FC4D /* Debug */ = {
			isa = XCBuildConfiguration;
			buildSettings = {
				CODE_SIGN_STYLE = Automatic;
				CURRENT_PROJECT_VERSION = 1;
				DEVELOPMENT_TEAM = 8927GQ44C7;
				GENERATE_INFOPLIST_FILE = YES;
				IPHONEOS_DEPLOYMENT_TARGET = 16.0;
				MACOSX_DEPLOYMENT_TARGET = 13.0;
				MARKETING_VERSION = 1.0;
				PRODUCT_BUNDLE_IDENTIFIER = "VibalyzeOU.Deen-Buddy-AdvancedUITests";
				PRODUCT_NAME = "$(TARGET_NAME)";
				SDKROOT = auto;
				SUPPORTED_PLATFORMS = "iphoneos iphonesimulator macosx xros xrsimulator";
				SWIFT_EMIT_LOC_STRINGS = NO;
				SWIFT_VERSION = 5.0;
				TARGETED_DEVICE_FAMILY = "1,2,7";
				TEST_TARGET_NAME = "Deen Buddy Advanced";
				XROS_DEPLOYMENT_TARGET = 1.0;
			};
			name = Debug;
		};
		469C4F7A2E95C2A50006FC4D /* Release */ = {
			isa = XCBuildConfiguration;
			buildSettings = {
				CODE_SIGN_STYLE = Automatic;
				CURRENT_PROJECT_VERSION = 1;
				DEVELOPMENT_TEAM = 8927GQ44C7;
				GENERATE_INFOPLIST_FILE = YES;
				IPHONEOS_DEPLOYMENT_TARGET = 16.0;
				MACOSX_DEPLOYMENT_TARGET = 13.0;
				MARKETING_VERSION = 1.0;
				PRODUCT_BUNDLE_IDENTIFIER = "VibalyzeOU.Deen-Buddy-AdvancedUITests";
				PRODUCT_NAME = "$(TARGET_NAME)";
				SDKROOT = auto;
				SUPPORTED_PLATFORMS = "iphoneos iphonesimulator macosx xros xrsimulator";
				SWIFT_EMIT_LOC_STRINGS = NO;
				SWIFT_VERSION = 5.0;
				TARGETED_DEVICE_FAMILY = "1,2,7";
				TEST_TARGET_NAME = "Deen Buddy Advanced";
				XROS_DEPLOYMENT_TARGET = 1.0;
			};
			name = Release;
		};
		46C208B32EA3087A0038604E /* Debug */ = {
			isa = XCBuildConfiguration;
			buildSettings = {
				ASSETCATALOG_COMPILER_GLOBAL_ACCENT_COLOR_NAME = AccentColor;
				ASSETCATALOG_COMPILER_WIDGET_BACKGROUND_COLOR_NAME = WidgetBackground;
				CODE_SIGN_STYLE = Automatic;
				CURRENT_PROJECT_VERSION = 1;
				DEVELOPMENT_TEAM = 8927GQ44C7;
				GENERATE_INFOPLIST_FILE = YES;
				INFOPLIST_FILE = "Deen Buddy Widgets/Info.plist";
				INFOPLIST_KEY_CFBundleDisplayName = "myDeen Widgets";
				INFOPLIST_KEY_NSHumanReadableCopyright = "";
				IPHONEOS_DEPLOYMENT_TARGET = 18.5;
				LD_RUNPATH_SEARCH_PATHS = (
					"$(inherited)",
					"@executable_path/Frameworks",
					"@executable_path/../../Frameworks",
				);
				MARKETING_VERSION = 1.0;
				PRODUCT_BUNDLE_IDENTIFIER = "VibalyzeOU.Deen-Buddy-Advanced.Deen-Buddy-Widgets";
				PRODUCT_NAME = "$(TARGET_NAME)";
				SDKROOT = iphoneos;
				SKIP_INSTALL = YES;
				SWIFT_EMIT_LOC_STRINGS = YES;
				SWIFT_VERSION = 5.0;
				TARGETED_DEVICE_FAMILY = "1,2";
			};
			name = Debug;
		};
		46C208B42EA3087A0038604E /* Release */ = {
			isa = XCBuildConfiguration;
			buildSettings = {
				ASSETCATALOG_COMPILER_GLOBAL_ACCENT_COLOR_NAME = AccentColor;
				ASSETCATALOG_COMPILER_WIDGET_BACKGROUND_COLOR_NAME = WidgetBackground;
				CODE_SIGN_STYLE = Automatic;
				CURRENT_PROJECT_VERSION = 1;
				DEVELOPMENT_TEAM = 8927GQ44C7;
				GENERATE_INFOPLIST_FILE = YES;
				INFOPLIST_FILE = "Deen Buddy Widgets/Info.plist";
				INFOPLIST_KEY_CFBundleDisplayName = "myDeen Widgets";
				INFOPLIST_KEY_NSHumanReadableCopyright = "";
				IPHONEOS_DEPLOYMENT_TARGET = 18.5;
				LD_RUNPATH_SEARCH_PATHS = (
					"$(inherited)",
					"@executable_path/Frameworks",
					"@executable_path/../../Frameworks",
				);
				MARKETING_VERSION = 1.0;
				PRODUCT_BUNDLE_IDENTIFIER = "VibalyzeOU.Deen-Buddy-Advanced.Deen-Buddy-Widgets";
				PRODUCT_NAME = "$(TARGET_NAME)";
				SDKROOT = iphoneos;
				SKIP_INSTALL = YES;
				SWIFT_EMIT_LOC_STRINGS = YES;
				SWIFT_VERSION = 5.0;
				TARGETED_DEVICE_FAMILY = "1,2";
				VALIDATE_PRODUCT = YES;
			};
			name = Release;
		};
/* End XCBuildConfiguration section */

/* Begin XCConfigurationList section */
		469C4F4B2E95C2A40006FC4D /* Build configuration list for PBXProject "Deen Buddy Advanced" */ = {
			isa = XCConfigurationList;
			buildConfigurations = (
				469C4F702E95C2A50006FC4D /* Debug */,
				469C4F712E95C2A50006FC4D /* Release */,
			);
			defaultConfigurationIsVisible = 0;
			defaultConfigurationName = Release;
		};
		469C4F722E95C2A50006FC4D /* Build configuration list for PBXNativeTarget "Deen Buddy Advanced" */ = {
			isa = XCConfigurationList;
			buildConfigurations = (
				469C4F732E95C2A50006FC4D /* Debug */,
				469C4F742E95C2A50006FC4D /* Release */,
			);
			defaultConfigurationIsVisible = 0;
			defaultConfigurationName = Release;
		};
		469C4F752E95C2A50006FC4D /* Build configuration list for PBXNativeTarget "Deen Buddy AdvancedTests" */ = {
			isa = XCConfigurationList;
			buildConfigurations = (
				469C4F762E95C2A50006FC4D /* Debug */,
				469C4F772E95C2A50006FC4D /* Release */,
			);
			defaultConfigurationIsVisible = 0;
			defaultConfigurationName = Release;
		};
		469C4F782E95C2A50006FC4D /* Build configuration list for PBXNativeTarget "Deen Buddy AdvancedUITests" */ = {
			isa = XCConfigurationList;
			buildConfigurations = (
				469C4F792E95C2A50006FC4D /* Debug */,
				469C4F7A2E95C2A50006FC4D /* Release */,
			);
			defaultConfigurationIsVisible = 0;
			defaultConfigurationName = Release;
		};
		46C208B62EA3087A0038604E /* Build configuration list for PBXNativeTarget "Deen Buddy WidgetsExtension" */ = {
			isa = XCConfigurationList;
			buildConfigurations = (
				46C208B32EA3087A0038604E /* Debug */,
				46C208B42EA3087A0038604E /* Release */,
			);
			defaultConfigurationIsVisible = 0;
			defaultConfigurationName = Release;
		};
/* End XCConfigurationList section */

/* Begin XCRemoteSwiftPackageReference section */
		65733D6D2E996AFE0059D9E5 /* XCRemoteSwiftPackageReference "generative-ai-swift" */ = {
			isa = XCRemoteSwiftPackageReference;
			repositoryURL = "https://github.com/google/generative-ai-swift";
			requirement = {
				kind = upToNextMajorVersion;
				minimumVersion = 0.5.6;
			};
		};
		65733D8C2E9EA48C0059D9E5 /* XCRemoteSwiftPackageReference "adhan-swift" */ = {
			isa = XCRemoteSwiftPackageReference;
			repositoryURL = "https://github.com/batoulapps/adhan-swift";
			requirement = {
				kind = upToNextMajorVersion;
				minimumVersion = 1.4.0;
			};
		};
/* End XCRemoteSwiftPackageReference section */

/* Begin XCSwiftPackageProductDependency section */
		65733D6E2E996BC00059D9E5 /* GoogleGenerativeAI */ = {
			isa = XCSwiftPackageProductDependency;
			package = 65733D6D2E996AFE0059D9E5 /* XCRemoteSwiftPackageReference "generative-ai-swift" */;
			productName = GoogleGenerativeAI;
		};
		65733DA12E9EA7B90059D9E5 /* Adhan */ = {
			isa = XCSwiftPackageProductDependency;
			package = 65733D8C2E9EA48C0059D9E5 /* XCRemoteSwiftPackageReference "adhan-swift" */;
			productName = Adhan;
		};
/* End XCSwiftPackageProductDependency section */
	};
	rootObject = 469C4F482E95C2A40006FC4D /* Project object */;
}
